
Microsoft Visual Studio Solution File, Format Version 12.00
# Visual Studio Version 17
VisualStudioVersion = 17.8.34316.72
MinimumVisualStudioVersion = 10.0.40219.1
Project("{FAE04EC0-301F-11D3-BF4B-00C04F79EFBC}") = "NompumeleloHlongwaneC#SummativeAssessment", "NompumeleloHlongwaneC#SummativeAssessment.csproj", "{AD153E06-3768-4A0D-BAF7-5523EB73BBDD}"
EndProject
Global
	GlobalSection(SolutionConfigurationPlatforms) = preSolution
		Debug|Any CPU = Debug|Any CPU
		Release|Any CPU = Release|Any CPU
	EndGlobalSection
	GlobalSection(ProjectConfigurationPlatforms) = postSolution
		{AD153E06-3768-4A0D-BAF7-5523EB73BBDD}.Debug|Any CPU.ActiveCfg = Debug|Any CPU
		{AD153E06-3768-4A0D-BAF7-5523EB73BBDD}.Debug|Any CPU.Build.0 = Debug|Any CPU
		{AD153E06-3768-4A0D-BAF7-5523EB73BBDD}.Release|Any CPU.ActiveCfg = Release|Any CPU
		{AD153E06-3768-4A0D-BAF7-5523EB73BBDD}.Release|Any CPU.Build.0 = Release|Any CPU
	EndGlobalSection
	GlobalSection(SolutionProperties) = preSolution
		HideSolutionNode = FALSE
	EndGlobalSection
	GlobalSection(ExtensibilityGlobals) = postSolution
		SolutionGuid = {4846F041-C176-4C61-AD97-4D5D1B541C9E}
	EndGlobalSection
EndGlobal
